
Microsoft Visual Studio Solution File, Format Version 12.00
# Visual Studio Version 17
VisualStudioVersion = 17.0.31717.71
MinimumVisualStudioVersion = 10.0.40219.1
Project("{9A19103F-16F7-4668-BE54-9A1E7A4F7556}") = "CleanArchitecture.BlazorUI", "CleanArchitecture.BlazorUI.csproj", "{9C9037DA-BD78-438D-A144-29063FB57452}"
EndProject
Global
	GlobalSection(SolutionConfigurationPlatforms) = preSolution
		Debug|Any CPU = Debug|Any CPU
		Release|Any CPU = Release|Any CPU
	EndGlobalSection
	GlobalSection(ProjectConfigurationPlatforms) = postSolution
		{9C9037DA-BD78-438D-A144-29063FB57452}.Debug|Any CPU.ActiveCfg = Debug|Any CPU
		{9C9037DA-BD78-438D-A144-29063FB57452}.Debug|Any CPU.Build.0 = Debug|Any CPU
		{9C9037DA-BD78-438D-A144-29063FB57452}.Release|Any CPU.ActiveCfg = Release|Any CPU
		{9C9037DA-BD78-438D-A144-29063FB57452}.Release|Any CPU.Build.0 = Release|Any CPU
	EndGlobalSection
	GlobalSection(SolutionProperties) = preSolution
		HideSolutionNode = FALSE
	EndGlobalSection
	GlobalSection(ExtensibilityGlobals) = postSolution
		SolutionGuid = {FD90F399-3D2C-4281-8D9C-A65E7C55F8FA}
	EndGlobalSection
EndGlobal