
Microsoft Visual Studio Solution File, Format Version 12.00
# Visual Studio Version 17
VisualStudioVersion = 17.0.31717.71
MinimumVisualStudioVersion = 10.0.40219.1
Project("{9A19103F-16F7-4668-BE54-9A1E7A4F7556}") = "CleanArchitecture.WasmUI", "CleanArchitecture.WasmUI.csproj", "{C161E442-D331-40E5-B98E-C65E936641DD}"
EndProject
Global
	GlobalSection(SolutionConfigurationPlatforms) = preSolution
		Debug|Any CPU = Debug|Any CPU
		Release|Any CPU = Release|Any CPU
	EndGlobalSection
	GlobalSection(ProjectConfigurationPlatforms) = postSolution
		{C161E442-D331-40E5-B98E-C65E936641DD}.Debug|Any CPU.ActiveCfg = Debug|Any CPU
		{C161E442-D331-40E5-B98E-C65E936641DD}.Debug|Any CPU.Build.0 = Debug|Any CPU
		{C161E442-D331-40E5-B98E-C65E936641DD}.Release|Any CPU.ActiveCfg = Release|Any CPU
		{C161E442-D331-40E5-B98E-C65E936641DD}.Release|Any CPU.Build.0 = Release|Any CPU
	EndGlobalSection
	GlobalSection(SolutionProperties) = preSolution
		HideSolutionNode = FALSE
	EndGlobalSection
	GlobalSection(ExtensibilityGlobals) = postSolution
		SolutionGuid = {59EAF906-CA17-436A-942F-359FA7B8158A}
	EndGlobalSection
EndGlobal